
Microsoft Visual Studio Solution File, Format Version 12.00
# Visual Studio 15
VisualStudioVersion = 15.0.28010.2016
MinimumVisualStudioVersion = 10.0.40219.1
Project("{FAE04EC0-301F-11D3-BF4B-00C04F79EFBC}") = "PRF.Utils.WPF", "PRF.Utils.WPF\PRF.Utils.WPF.csproj", "{736AD2F2-C297-44D5-9CDA-9A5C72CFFFC1}"
EndProject
Project("{FAE04EC0-301F-11D3-BF4B-00C04F79EFBC}") = "PRF.Utils.WPF.UnitTest", "PRF.Utils.WPF.UnitTest\PRF.Utils.WPF.UnitTest.csproj", "{FF7665E8-F8AA-4506-A999-9F285A0E9F23}"
EndProject
Global
	GlobalSection(SolutionConfigurationPlatforms) = preSolution
		Debug|Any CPU = Debug|Any CPU
		Release|Any CPU = Release|Any CPU
	EndGlobalSection
	GlobalSection(ProjectConfigurationPlatforms) = postSolution
		{736AD2F2-C297-44D5-9CDA-9A5C72CFFFC1}.Debug|Any CPU.ActiveCfg = Debug|Any CPU
		{736AD2F2-C297-44D5-9CDA-9A5C72CFFFC1}.Debug|Any CPU.Build.0 = Debug|Any CPU
		{736AD2F2-C297-44D5-9CDA-9A5C72CFFFC1}.Release|Any CPU.ActiveCfg = Release|Any CPU
		{736AD2F2-C297-44D5-9CDA-9A5C72CFFFC1}.Release|Any CPU.Build.0 = Release|Any CPU
		{FF7665E8-F8AA-4506-A999-9F285A0E9F23}.Debug|Any CPU.ActiveCfg = Debug|Any CPU
		{FF7665E8-F8AA-4506-A999-9F285A0E9F23}.Debug|Any CPU.Build.0 = Debug|Any CPU
		{FF7665E8-F8AA-4506-A999-9F285A0E9F23}.Release|Any CPU.ActiveCfg = Release|Any CPU
		{FF7665E8-F8AA-4506-A999-9F285A0E9F23}.Release|Any CPU.Build.0 = Release|Any CPU
	EndGlobalSection
	GlobalSection(SolutionProperties) = preSolution
		HideSolutionNode = FALSE
	EndGlobalSection
	GlobalSection(ExtensibilityGlobals) = postSolution
		SolutionGuid = {7C263369-A211-498D-B5FA-883C2AFDF327}
	EndGlobalSection
EndGlobal
